
Microsoft Visual Studio Solution File, Format Version 12.00
# Visual Studio Version 16
VisualStudioVersion = 16.0.31112.23
MinimumVisualStudioVersion = 10.0.40219.1
Project("{FAE04EC0-301F-11D3-BF4B-00C04F79EFBC}") = "Recuperacion Emily", "Recuperacion Emily\Recuperacion Emily.csproj", "{03200E32-4A4D-4364-AAB1-1AA90956995E}"
EndProject
Global
	GlobalSection(SolutionConfigurationPlatforms) = preSolution
		Debug|Any CPU = Debug|Any CPU
		Release|Any CPU = Release|Any CPU
	EndGlobalSection
	GlobalSection(ProjectConfigurationPlatforms) = postSolution
		{03200E32-4A4D-4364-AAB1-1AA90956995E}.Debug|Any CPU.ActiveCfg = Debug|Any CPU
		{03200E32-4A4D-4364-AAB1-1AA90956995E}.Debug|Any CPU.Build.0 = Debug|Any CPU
		{03200E32-4A4D-4364-AAB1-1AA90956995E}.Release|Any CPU.ActiveCfg = Release|Any CPU
		{03200E32-4A4D-4364-AAB1-1AA90956995E}.Release|Any CPU.Build.0 = Release|Any CPU
	EndGlobalSection
	GlobalSection(SolutionProperties) = preSolution
		HideSolutionNode = FALSE
	EndGlobalSection
	GlobalSection(ExtensibilityGlobals) = postSolution
		SolutionGuid = {6A2888ED-FD64-4D40-9818-84BC46177447}
	EndGlobalSection
EndGlobal
